
Microsoft Visual Studio Solution File, Format Version 12.00
# Visual Studio Version 16
VisualStudioVersion = 16.0.29306.81
MinimumVisualStudioVersion = 10.0.40219.1
Project("{FAE04EC0-301F-11D3-BF4B-00C04F79EFBC}") = "OOM_seminar_builder", "OOM_seminar_builder\OOM_seminar_builder.csproj", "{145ABEAD-DBE5-4904-B952-9E60C6ACF0E8}"
EndProject
Global
	GlobalSection(SolutionConfigurationPlatforms) = preSolution
		Debug|Any CPU = Debug|Any CPU
		Release|Any CPU = Release|Any CPU
	EndGlobalSection
	GlobalSection(ProjectConfigurationPlatforms) = postSolution
		{145ABEAD-DBE5-4904-B952-9E60C6ACF0E8}.Debug|Any CPU.ActiveCfg = Debug|Any CPU
		{145ABEAD-DBE5-4904-B952-9E60C6ACF0E8}.Debug|Any CPU.Build.0 = Debug|Any CPU
		{145ABEAD-DBE5-4904-B952-9E60C6ACF0E8}.Release|Any CPU.ActiveCfg = Release|Any CPU
		{145ABEAD-DBE5-4904-B952-9E60C6ACF0E8}.Release|Any CPU.Build.0 = Release|Any CPU
	EndGlobalSection
	GlobalSection(SolutionProperties) = preSolution
		HideSolutionNode = FALSE
	EndGlobalSection
	GlobalSection(ExtensibilityGlobals) = postSolution
		SolutionGuid = {99EF28BA-D570-4DEB-9B32-351393ADE5E0}
	EndGlobalSection
EndGlobal
